
Microsoft Visual Studio Solution File, Format Version 12.00
# Visual Studio Version 16
VisualStudioVersion = 16.0.29728.190
MinimumVisualStudioVersion = 10.0.40219.1
Project("{FAE04EC0-301F-11D3-BF4B-00C04F79EFBC}") = "2.3_B", "2.3_B\2.3_B.csproj", "{438788DD-60D3-4C88-9621-E5707D2A31E8}"
EndProject
Global
	GlobalSection(SolutionConfigurationPlatforms) = preSolution
		Debug|Any CPU = Debug|Any CPU
		Release|Any CPU = Release|Any CPU
	EndGlobalSection
	GlobalSection(ProjectConfigurationPlatforms) = postSolution
		{438788DD-60D3-4C88-9621-E5707D2A31E8}.Debug|Any CPU.ActiveCfg = Debug|Any CPU
		{438788DD-60D3-4C88-9621-E5707D2A31E8}.Debug|Any CPU.Build.0 = Debug|Any CPU
		{438788DD-60D3-4C88-9621-E5707D2A31E8}.Release|Any CPU.ActiveCfg = Release|Any CPU
		{438788DD-60D3-4C88-9621-E5707D2A31E8}.Release|Any CPU.Build.0 = Release|Any CPU
	EndGlobalSection
	GlobalSection(SolutionProperties) = preSolution
		HideSolutionNode = FALSE
	EndGlobalSection
	GlobalSection(ExtensibilityGlobals) = postSolution
		SolutionGuid = {E676EF30-358E-4B7A-8219-749CA22E962D}
	EndGlobalSection
EndGlobal
